// !$*UTF8*$!
{
	archiveVersion = 1;
	classes = {
	};
	objectVersion = 56;
	objects = {

/* Begin PBXBuildFile section */
		DB17711629D349F300517A31 /* ThemeView.swift in Sources */ = {isa = PBXBuildFile; fileRef = DB17711529D349F300517A31 /* ThemeView.swift */; };
		DB17711829D34BC100517A31 /* ThemePicker.swift in Sources */ = {isa = PBXBuildFile; fileRef = DB17711729D34BC100517A31 /* ThemePicker.swift */; };
		DB47E02829DD91B700105F4F /* MeetingHeaderView.swift in Sources */ = {isa = PBXBuildFile; fileRef = DB47E02729DD91B700105F4F /* MeetingHeaderView.swift */; };
		DB47E02A29DDA9DE00105F4F /* ScrumProgressViewStyle.swift in Sources */ = {isa = PBXBuildFile; fileRef = DB47E02929DDA9DE00105F4F /* ScrumProgressViewStyle.swift */; };
		DB47E02C29DDAD5500105F4F /* ScrumTimer.swift in Sources */ = {isa = PBXBuildFile; fileRef = DB47E02B29DDAD5500105F4F /* ScrumTimer.swift */; };
		DB47E02E29DDBA3D00105F4F /* MeetingFooterView.swift in Sources */ = {isa = PBXBuildFile; fileRef = DB47E02D29DDBA3D00105F4F /* MeetingFooterView.swift */; };
		DB47E03029DDBDBA00105F4F /* AVPlayer+Ding.swift in Sources */ = {isa = PBXBuildFile; fileRef = DB47E02F29DDBDBA00105F4F /* AVPlayer+Ding.swift */; };
		DB579F3829BC1E6700251245 /* ScrumdingerApp.swift in Sources */ = {isa = PBXBuildFile; fileRef = DB579F3729BC1E6700251245 /* ScrumdingerApp.swift */; };
		DB579F3A29BC1E6700251245 /* MeetingView.swift in Sources */ = {isa = PBXBuildFile; fileRef = DB579F3929BC1E6700251245 /* MeetingView.swift */; };
		DB579F3C29BC1E6800251245 /* Assets.xcassets in Resources */ = {isa = PBXBuildFile; fileRef = DB579F3B29BC1E6800251245 /* Assets.xcassets */; };
		DB579F3F29BC1E6800251245 /* Preview Assets.xcassets in Resources */ = {isa = PBXBuildFile; fileRef = DB579F3E29BC1E6800251245 /* Preview Assets.xcassets */; };
		DB579F4729BCB52D00251245 /* Theme.swift in Sources */ = {isa = PBXBuildFile; fileRef = DB579F4629BCB52D00251245 /* Theme.swift */; };
		DB579F4929BCB63800251245 /* Assets.xcassets in Resources */ = {isa = PBXBuildFile; fileRef = DB579F4829BCB63700251245 /* Assets.xcassets */; };
		DB579F4B29BCBAA400251245 /* DailyScrum.swift in Sources */ = {isa = PBXBuildFile; fileRef = DB579F4A29BCBAA400251245 /* DailyScrum.swift */; };
		DB90E56029BCC08E00174535 /* CardView.swift in Sources */ = {isa = PBXBuildFile; fileRef = DB90E55F29BCC08E00174535 /* CardView.swift */; };
		DB90E56229BCD2FD00174535 /* TrailingIconLabelStyle.swift in Sources */ = {isa = PBXBuildFile; fileRef = DB90E56129BCD2FD00174535 /* TrailingIconLabelStyle.swift */; };
		DB91F13F29BD98A1004DCAC5 /* ScrumsView.swift in Sources */ = {isa = PBXBuildFile; fileRef = DB91F13E29BD98A1004DCAC5 /* ScrumsView.swift */; };
		DB91F14129BDFB24004DCAC5 /* DetailView.swift in Sources */ = {isa = PBXBuildFile; fileRef = DB91F14029BDFB24004DCAC5 /* DetailView.swift */; };
		DB91F14329BE4F2F004DCAC5 /* DetailEditView.swift in Sources */ = {isa = PBXBuildFile; fileRef = DB91F14229BE4F2F004DCAC5 /* DetailEditView.swift */; };
		DBEE307F29E5AD170071326F /* History.swift in Sources */ = {isa = PBXBuildFile; fileRef = DBEE307E29E5AD170071326F /* History.swift */; };
		DBF3CCED29DDC9530018FEF1 /* ding.wav in Resources */ = {isa = PBXBuildFile; fileRef = DBF3CCEC29DDC9530018FEF1 /* ding.wav */; };
/* End PBXBuildFile section */

/* Begin PBXFileReference section */
		DB17711529D349F300517A31 /* ThemeView.swift */ = {isa = PBXFileReference; lastKnownFileType = sourcecode.swift; path = ThemeView.swift; sourceTree = "<group>"; };
		DB17711729D34BC100517A31 /* ThemePicker.swift */ = {isa = PBXFileReference; lastKnownFileType = sourcecode.swift; path = ThemePicker.swift; sourceTree = "<group>"; };
		DB47E02729DD91B700105F4F /* MeetingHeaderView.swift */ = {isa = PBXFileReference; lastKnownFileType = sourcecode.swift; path = MeetingHeaderView.swift; sourceTree = "<group>"; };
		DB47E02929DDA9DE00105F4F /* ScrumProgressViewStyle.swift */ = {isa = PBXFileReference; fileEncoding = 4; lastKnownFileType = sourcecode.swift; name = ScrumProgressViewStyle.swift; path = ../../../../../Downloads/ManagingStateAndLifeCycle/StartingProject/Scrumdinger/ScrumProgressViewStyle.swift; sourceTree = "<group>"; };
		DB47E02B29DDAD5500105F4F /* ScrumTimer.swift */ = {isa = PBXFileReference; lastKnownFileType = sourcecode.swift; path = ScrumTimer.swift; sourceTree = "<group>"; };
		DB47E02D29DDBA3D00105F4F /* MeetingFooterView.swift */ = {isa = PBXFileReference; lastKnownFileType = sourcecode.swift; path = MeetingFooterView.swift; sourceTree = "<group>"; };
		DB47E02F29DDBDBA00105F4F /* AVPlayer+Ding.swift */ = {isa = PBXFileReference; fileEncoding = 4; lastKnownFileType = sourcecode.swift; name = "AVPlayer+Ding.swift"; path = "../../../../../../Downloads/ManagingStateAndLifeCycle/StartingProject/Scrumdinger/Models/AVPlayer+Ding.swift"; sourceTree = "<group>"; };
		DB579F3429BC1E6700251245 /* Scrumdinger.app */ = {isa = PBXFileReference; explicitFileType = wrapper.application; includeInIndex = 0; path = Scrumdinger.app; sourceTree = BUILT_PRODUCTS_DIR; };
		DB579F3729BC1E6700251245 /* ScrumdingerApp.swift */ = {isa = PBXFileReference; lastKnownFileType = sourcecode.swift; path = ScrumdingerApp.swift; sourceTree = "<group>"; };
		DB579F3929BC1E6700251245 /* MeetingView.swift */ = {isa = PBXFileReference; lastKnownFileType = sourcecode.swift; path = MeetingView.swift; sourceTree = "<group>"; };
		DB579F3B29BC1E6800251245 /* Assets.xcassets */ = {isa = PBXFileReference; lastKnownFileType = folder.assetcatalog; path = Assets.xcassets; sourceTree = "<group>"; };
		DB579F3E29BC1E6800251245 /* Preview Assets.xcassets */ = {isa = PBXFileReference; lastKnownFileType = folder.assetcatalog; path = "Preview Assets.xcassets"; sourceTree = "<group>"; };
		DB579F4629BCB52D00251245 /* Theme.swift */ = {isa = PBXFileReference; lastKnownFileType = sourcecode.swift; path = Theme.swift; sourceTree = "<group>"; };
		DB579F4829BCB63700251245 /* Assets.xcassets */ = {isa = PBXFileReference; lastKnownFileType = folder.assetcatalog; name = Assets.xcassets; path = ../../../../../Downloads/CreatingACardView/StartingProject/Scrumdinger/Assets.xcassets; sourceTree = "<group>"; };
		DB579F4A29BCBAA400251245 /* DailyScrum.swift */ = {isa = PBXFileReference; lastKnownFileType = sourcecode.swift; path = DailyScrum.swift; sourceTree = "<group>"; };
		DB90E55F29BCC08E00174535 /* CardView.swift */ = {isa = PBXFileReference; lastKnownFileType = sourcecode.swift; path = CardView.swift; sourceTree = "<group>"; };
		DB90E56129BCD2FD00174535 /* TrailingIconLabelStyle.swift */ = {isa = PBXFileReference; lastKnownFileType = sourcecode.swift; path = TrailingIconLabelStyle.swift; sourceTree = "<group>"; };
		DB91F13E29BD98A1004DCAC5 /* ScrumsView.swift */ = {isa = PBXFileReference; lastKnownFileType = sourcecode.swift; path = ScrumsView.swift; sourceTree = "<group>"; };
		DB91F14029BDFB24004DCAC5 /* DetailView.swift */ = {isa = PBXFileReference; lastKnownFileType = sourcecode.swift; path = DetailView.swift; sourceTree = "<group>"; };
		DB91F14229BE4F2F004DCAC5 /* DetailEditView.swift */ = {isa = PBXFileReference; lastKnownFileType = sourcecode.swift; path = DetailEditView.swift; sourceTree = "<group>"; };
		DBEE307E29E5AD170071326F /* History.swift */ = {isa = PBXFileReference; lastKnownFileType = sourcecode.swift; path = History.swift; sourceTree = "<group>"; };
		DBF3CCEC29DDC9530018FEF1 /* ding.wav */ = {isa = PBXFileReference; lastKnownFileType = audio.wav; name = ding.wav; path = ../../../../../Downloads/ManagingStateAndLifeCycle/StartingProject/Scrumdinger/Resources/ding.wav; sourceTree = "<group>"; };
/* End PBXFileReference section */

/* Begin PBXFrameworksBuildPhase section */
		DB579F3129BC1E6700251245 /* Frameworks */ = {
			isa = PBXFrameworksBuildPhase;
			buildActionMask = 2147483647;
			files = (
			);
			runOnlyForDeploymentPostprocessing = 0;
		};
/* End PBXFrameworksBuildPhase section */

/* Begin PBXGroup section */
		DB579F2B29BC1E6700251245 = {
			isa = PBXGroup;
			children = (
				DB579F3629BC1E6700251245 /* Scrumdinger */,
				DB579F3529BC1E6700251245 /* Products */,
			);
			sourceTree = "<group>";
		};
		DB579F3529BC1E6700251245 /* Products */ = {
			isa = PBXGroup;
			children = (
				DB579F3429BC1E6700251245 /* Scrumdinger.app */,
			);
			name = Products;
			sourceTree = "<group>";
		};
		DB579F3629BC1E6700251245 /* Scrumdinger */ = {
			isa = PBXGroup;
			children = (
				DB579F4829BCB63700251245 /* Assets.xcassets */,
				DB579F4529BCB51E00251245 /* Models */,
				DB579F3729BC1E6700251245 /* ScrumdingerApp.swift */,
				DB579F3929BC1E6700251245 /* MeetingView.swift */,
				DB579F3B29BC1E6800251245 /* Assets.xcassets */,
				DB579F3D29BC1E6800251245 /* Preview Content */,
				DB90E55F29BCC08E00174535 /* CardView.swift */,
				DB90E56129BCD2FD00174535 /* TrailingIconLabelStyle.swift */,
				DB91F13E29BD98A1004DCAC5 /* ScrumsView.swift */,
				DB91F14029BDFB24004DCAC5 /* DetailView.swift */,
				DB91F14229BE4F2F004DCAC5 /* DetailEditView.swift */,
				DB17711529D349F300517A31 /* ThemeView.swift */,
				DB17711729D34BC100517A31 /* ThemePicker.swift */,
				DB47E02729DD91B700105F4F /* MeetingHeaderView.swift */,
				DBF3CCEC29DDC9530018FEF1 /* ding.wav */,
				DB47E02929DDA9DE00105F4F /* ScrumProgressViewStyle.swift */,
				DB47E02D29DDBA3D00105F4F /* MeetingFooterView.swift */,
			);
			path = Scrumdinger;
			sourceTree = "<group>";
		};
		DB579F3D29BC1E6800251245 /* Preview Content */ = {
			isa = PBXGroup;
			children = (
				DB579F3E29BC1E6800251245 /* Preview Assets.xcassets */,
			);
			path = "Preview Content";
			sourceTree = "<group>";
		};
		DB579F4529BCB51E00251245 /* Models */ = {
			isa = PBXGroup;
			children = (
				DB47E02F29DDBDBA00105F4F /* AVPlayer+Ding.swift */,
				DB579F4629BCB52D00251245 /* Theme.swift */,
				DB579F4A29BCBAA400251245 /* DailyScrum.swift */,
				DB47E02B29DDAD5500105F4F /* ScrumTimer.swift */,
				DBEE307E29E5AD170071326F /* History.swift */,
			);
			path = Models;
			sourceTree = "<group>";
		};
/* End PBXGroup section */

/* Begin PBXNativeTarget section */
		DB579F3329BC1E6700251245 /* Scrumdinger */ = {
			isa = PBXNativeTarget;
			buildConfigurationList = DB579F4229BC1E6800251245 /* Build configuration list for PBXNativeTarget "Scrumdinger" */;
			buildPhases = (
				DB579F3029BC1E6700251245 /* Sources */,
				DB579F3129BC1E6700251245 /* Frameworks */,
				DB579F3229BC1E6700251245 /* Resources */,
			);
			buildRules = (
			);
			dependencies = (
			);
			name = Scrumdinger;
			productName = Scrumdinger;
			productReference = DB579F3429BC1E6700251245 /* Scrumdinger.app */;
			productType = "com.apple.product-type.application";
		};
/* End PBXNativeTarget section */

/* Begin PBXProject section */
		DB579F2C29BC1E6700251245 /* Project object */ = {
			isa = PBXProject;
			attributes = {
				BuildIndependentTargetsInParallel = 1;
				LastSwiftUpdateCheck = 1420;
				LastUpgradeCheck = 1420;
				TargetAttributes = {
					DB579F3329BC1E6700251245 = {
						CreatedOnToolsVersion = 14.2;
					};
				};
			};
			buildConfigurationList = DB579F2F29BC1E6700251245 /* Build configuration list for PBXProject "Scrumdinger" */;
			compatibilityVersion = "Xcode 14.0";
			developmentRegion = en;
			hasScannedForEncodings = 0;
			knownRegions = (
				en,
				Base,
			);
			mainGroup = DB579F2B29BC1E6700251245;
			productRefGroup = DB579F3529BC1E6700251245 /* Products */;
			projectDirPath = "";
			projectRoot = "";
			targets = (
				DB579F3329BC1E6700251245 /* Scrumdinger */,
			);
		};
/* End PBXProject section */

/* Begin PBXResourcesBuildPhase section */
		DB579F3229BC1E6700251245 /* Resources */ = {
			isa = PBXResourcesBuildPhase;
			buildActionMask = 2147483647;
			files = (
				DBF3CCED29DDC9530018FEF1 /* ding.wav in Resources */,
				DB579F3F29BC1E6800251245 /* Preview Assets.xcassets in Resources */,
				DB579F4929BCB63800251245 /* Assets.xcassets in Resources */,
				DB579F3C29BC1E6800251245 /* Assets.xcassets in Resources */,
			);
			runOnlyForDeploymentPostprocessing = 0;
		};
/* End PBXResourcesBuildPhase section */

/* Begin PBXSourcesBuildPhase section */
		DB579F3029BC1E6700251245 /* Sources */ = {
			isa = PBXSourcesBuildPhase;
			buildActionMask = 2147483647;
			files = (
				DBEE307F29E5AD170071326F /* History.swift in Sources */,
				DB17711829D34BC100517A31 /* ThemePicker.swift in Sources */,
				DB47E02A29DDA9DE00105F4F /* ScrumProgressViewStyle.swift in Sources */,
				DB47E02E29DDBA3D00105F4F /* MeetingFooterView.swift in Sources */,
				DB47E02C29DDAD5500105F4F /* ScrumTimer.swift in Sources */,
				DB579F4B29BCBAA400251245 /* DailyScrum.swift in Sources */,
				DB91F14129BDFB24004DCAC5 /* DetailView.swift in Sources */,
				DB47E02829DD91B700105F4F /* MeetingHeaderView.swift in Sources */,
				DB91F14329BE4F2F004DCAC5 /* DetailEditView.swift in Sources */,
				DB90E56229BCD2FD00174535 /* TrailingIconLabelStyle.swift in Sources */,
				DB579F4729BCB52D00251245 /* Theme.swift in Sources */,
				DB91F13F29BD98A1004DCAC5 /* ScrumsView.swift in Sources */,
				DB579F3A29BC1E6700251245 /* MeetingView.swift in Sources */,
				DB579F3829BC1E6700251245 /* ScrumdingerApp.swift in Sources */,
				DB17711629D349F300517A31 /* ThemeView.swift in Sources */,
				DB90E56029BCC08E00174535 /* CardView.swift in Sources */,
				DB47E03029DDBDBA00105F4F /* AVPlayer+Ding.swift in Sources */,
			);
			runOnlyForDeploymentPostprocessing = 0;
		};
/* End PBXSourcesBuildPhase section */

/* Begin XCBuildConfiguration section */
		DB579F4029BC1E6800251245 /* Debug */ = {
			isa = XCBuildConfiguration;
			buildSettings = {
				ALWAYS_SEARCH_USER_PATHS = NO;
				CLANG_ANALYZER_NONNULL = YES;
				CLANG_ANALYZER_NUMBER_OBJECT_CONVERSION = YES_AGGRESSIVE;
				CLANG_CXX_LANGUAGE_STANDARD = "gnu++20";
				CLANG_ENABLE_MODULES = YES;
				CLANG_ENABLE_OBJC_ARC = YES;
				CLANG_ENABLE_OBJC_WEAK = YES;
				CLANG_WARN_BLOCK_CAPTURE_AUTORELEASING = YES;
				CLANG_WARN_BOOL_CONVERSION = YES;
				CLANG_WARN_COMMA = YES;
				CLANG_WARN_CONSTANT_CONVERSION = YES;
				CLANG_WARN_DEPRECATED_OBJC_IMPLEMENTATIONS = YES;
				CLANG_WARN_DIRECT_OBJC_ISA_USAGE = YES_ERROR;
				CLANG_WARN_DOCUMENTATION_COMMENTS = YES;
				CLANG_WARN_EMPTY_BODY = YES;
				CLANG_WARN_ENUM_CONVERSION = YES;
				CLANG_WARN_INFINITE_RECURSION = YES;
				CLANG_WARN_INT_CONVERSION = YES;
				CLANG_WARN_NON_LITERAL_NULL_CONVERSION = YES;
				CLANG_WARN_OBJC_IMPLICIT_RETAIN_SELF = YES;
				CLANG_WARN_OBJC_LITERAL_CONVERSION = YES;
				CLANG_WARN_OBJC_ROOT_CLASS = YES_ERROR;
				CLANG_WARN_QUOTED_INCLUDE_IN_FRAMEWORK_HEADER = YES;
				CLANG_WARN_RANGE_LOOP_ANALYSIS = YES;
				CLANG_WARN_STRICT_PROTOTYPES = YES;
				CLANG_WARN_SUSPICIOUS_MOVE = YES;
				CLANG_WARN_UNGUARDED_AVAILABILITY = YES_AGGRESSIVE;
				CLANG_WARN_UNREACHABLE_CODE = YES;
				CLANG_WARN__DUPLICATE_METHOD_MATCH = YES;
				COPY_PHASE_STRIP = NO;
				DEBUG_INFORMATION_FORMAT = dwarf;
				ENABLE_STRICT_OBJC_MSGSEND = YES;
				ENABLE_TESTABILITY = YES;
				GCC_C_LANGUAGE_STANDARD = gnu11;
				GCC_DYNAMIC_NO_PIC = NO;
				GCC_NO_COMMON_BLOCKS = YES;
				GCC_OPTIMIZATION_LEVEL = 0;
				GCC_PREPROCESSOR_DEFINITIONS = (
					"DEBUG=1",
					"$(inherited)",
				);
				GCC_WARN_64_TO_32_BIT_CONVERSION = YES;
				GCC_WARN_ABOUT_RETURN_TYPE = YES_ERROR;
				GCC_WARN_UNDECLARED_SELECTOR = YES;
				GCC_WARN_UNINITIALIZED_AUTOS = YES_AGGRESSIVE;
				GCC_WARN_UNUSED_FUNCTION = YES;
				GCC_WARN_UNUSED_VARIABLE = YES;
				IPHONEOS_DEPLOYMENT_TARGET = 16.2;
				MTL_ENABLE_DEBUG_INFO = INCLUDE_SOURCE;
				MTL_FAST_MATH = YES;
				ONLY_ACTIVE_ARCH = YES;
				SDKROOT = iphoneos;
				SWIFT_ACTIVE_COMPILATION_CONDITIONS = DEBUG;
				SWIFT_OPTIMIZATION_LEVEL = "-Onone";
			};
			name = Debug;
		};
		DB579F4129BC1E6800251245 /* Release */ = {
			isa = XCBuildConfiguration;
			buildSettings = {
				ALWAYS_SEARCH_USER_PATHS = NO;
				CLANG_ANALYZER_NONNULL = YES;
				CLANG_ANALYZER_NUMBER_OBJECT_CONVERSION = YES_AGGRESSIVE;
				CLANG_CXX_LANGUAGE_STANDARD = "gnu++20";
				CLANG_ENABLE_MODULES = YES;
				CLANG_ENABLE_OBJC_ARC = YES;
				CLANG_ENABLE_OBJC_WEAK = YES;
				CLANG_WARN_BLOCK_CAPTURE_AUTORELEASING = YES;
				CLANG_WARN_BOOL_CONVERSION = YES;
				CLANG_WARN_COMMA = YES;
				CLANG_WARN_CONSTANT_CONVERSION = YES;
				CLANG_WARN_DEPRECATED_OBJC_IMPLEMENTATIONS = YES;
				CLANG_WARN_DIRECT_OBJC_ISA_USAGE = YES_ERROR;
				CLANG_WARN_DOCUMENTATION_COMMENTS = YES;
				CLANG_WARN_EMPTY_BODY = YES;
				CLANG_WARN_ENUM_CONVERSION = YES;
				CLANG_WARN_INFINITE_RECURSION = YES;
				CLANG_WARN_INT_CONVERSION = YES;
				CLANG_WARN_NON_LITERAL_NULL_CONVERSION = YES;
				CLANG_WARN_OBJC_IMPLICIT_RETAIN_SELF = YES;
				CLANG_WARN_OBJC_LITERAL_CONVERSION = YES;
				CLANG_WARN_OBJC_ROOT_CLASS = YES_ERROR;
				CLANG_WARN_QUOTED_INCLUDE_IN_FRAMEWORK_HEADER = YES;
				CLANG_WARN_RANGE_LOOP_ANALYSIS = YES;
				CLANG_WARN_STRICT_PROTOTYPES = YES;
				CLANG_WARN_SUSPICIOUS_MOVE = YES;
				CLANG_WARN_UNGUARDED_AVAILABILITY = YES_AGGRESSIVE;
				CLANG_WARN_UNREACHABLE_CODE = YES;
				CLANG_WARN__DUPLICATE_METHOD_MATCH = YES;
				COPY_PHASE_STRIP = NO;
				DEBUG_INFORMATION_FORMAT = "dwarf-with-dsym";
				ENABLE_NS_ASSERTIONS = NO;
				ENABLE_STRICT_OBJC_MSGSEND = YES;
				GCC_C_LANGUAGE_STANDARD = gnu11;
				GCC_NO_COMMON_BLOCKS = YES;
				GCC_WARN_64_TO_32_BIT_CONVERSION = YES;
				GCC_WARN_ABOUT_RETURN_TYPE = YES_ERROR;
				GCC_WARN_UNDECLARED_SELECTOR = YES;
				GCC_WARN_UNINITIALIZED_AUTOS = YES_AGGRESSIVE;
				GCC_WARN_UNUSED_FUNCTION = YES;
				GCC_WARN_UNUSED_VARIABLE = YES;
				IPHONEOS_DEPLOYMENT_TARGET = 16.2;
				MTL_ENABLE_DEBUG_INFO = NO;
				MTL_FAST_MATH = YES;
				SDKROOT = iphoneos;
				SWIFT_COMPILATION_MODE = wholemodule;
				SWIFT_OPTIMIZATION_LEVEL = "-O";
				VALIDATE_PRODUCT = YES;
			};
			name = Release;
		};
		DB579F4329BC1E6800251245 /* Debug */ = {
			isa = XCBuildConfiguration;
			buildSettings = {
				ASSETCATALOG_COMPILER_APPICON_NAME = AppIcon;
				ASSETCATALOG_COMPILER_GLOBAL_ACCENT_COLOR_NAME = AccentColor;
				CODE_SIGN_STYLE = Automatic;
				CURRENT_PROJECT_VERSION = 1;
				DEVELOPMENT_ASSET_PATHS = "\"Scrumdinger/Preview Content\"";
				ENABLE_PREVIEWS = YES;
				GENERATE_INFOPLIST_FILE = YES;
				INFOPLIST_KEY_UIApplicationSceneManifest_Generation = YES;
				INFOPLIST_KEY_UIApplicationSupportsIndirectInputEvents = YES;
				INFOPLIST_KEY_UILaunchScreen_Generation = YES;
				INFOPLIST_KEY_UISupportedInterfaceOrientations_iPad = "UIInterfaceOrientationPortrait UIInterfaceOrientationPortraitUpsideDown UIInterfaceOrientationLandscapeLeft UIInterfaceOrientationLandscapeRight";
				INFOPLIST_KEY_UISupportedInterfaceOrientations_iPhone = "UIInterfaceOrientationPortrait UIInterfaceOrientationLandscapeLeft UIInterfaceOrientationLandscapeRight";
				LD_RUNPATH_SEARCH_PATHS = (
					"$(inherited)",
					"@executable_path/Frameworks",
				);
				MARKETING_VERSION = 1.0;
				PRODUCT_BUNDLE_IDENTIFIER = ckyeon.Scrumdinger;
				PRODUCT_NAME = "$(TARGET_NAME)";
				SWIFT_EMIT_LOC_STRINGS = YES;
				SWIFT_VERSION = 5.0;
				TARGETED_DEVICE_FAMILY = "1,2";
			};
			name = Debug;
		};
		DB579F4429BC1E6800251245 /* Release */ = {
			isa = XCBuildConfiguration;
			buildSettings = {
				ASSETCATALOG_COMPILER_APPICON_NAME = AppIcon;
				ASSETCATALOG_COMPILER_GLOBAL_ACCENT_COLOR_NAME = AccentColor;
				CODE_SIGN_STYLE = Automatic;
				CURRENT_PROJECT_VERSION = 1;
				DEVELOPMENT_ASSET_PATHS = "\"Scrumdinger/Preview Content\"";
				ENABLE_PREVIEWS = YES;
				GENERATE_INFOPLIST_FILE = YES;
				INFOPLIST_KEY_UIApplicationSceneManifest_Generation = YES;
				INFOPLIST_KEY_UIApplicationSupportsIndirectInputEvents = YES;
				INFOPLIST_KEY_UILaunchScreen_Generation = YES;
				INFOPLIST_KEY_UISupportedInterfaceOrientations_iPad = "UIInterfaceOrientationPortrait UIInterfaceOrientationPortraitUpsideDown UIInterfaceOrientationLandscapeLeft UIInterfaceOrientationLandscapeRight";
				INFOPLIST_KEY_UISupportedInterfaceOrientations_iPhone = "UIInterfaceOrientationPortrait UIInterfaceOrientationLandscapeLeft UIInterfaceOrientationLandscapeRight";
				LD_RUNPATH_SEARCH_PATHS = (
					"$(inherited)",
					"@executable_path/Frameworks",
				);
				MARKETING_VERSION = 1.0;
				PRODUCT_BUNDLE_IDENTIFIER = ckyeon.Scrumdinger;
				PRODUCT_NAME = "$(TARGET_NAME)";
				SWIFT_EMIT_LOC_STRINGS = YES;
				SWIFT_VERSION = 5.0;
				TARGETED_DEVICE_FAMILY = "1,2";
			};
			name = Release;
		};
/* End XCBuildConfiguration section */

/* Begin XCConfigurationList section */
		DB579F2F29BC1E6700251245 /* Build configuration list for PBXProject "Scrumdinger" */ = {
			isa = XCConfigurationList;
			buildConfigurations = (
				DB579F4029BC1E6800251245 /* Debug */,
				DB579F4129BC1E6800251245 /* Release */,
			);
			defaultConfigurationIsVisible = 0;
			defaultConfigurationName = Release;
		};
		DB579F4229BC1E6800251245 /* Build configuration list for PBXNativeTarget "Scrumdinger" */ = {
			isa = XCConfigurationList;
			buildConfigurations = (
				DB579F4329BC1E6800251245 /* Debug */,
				DB579F4429BC1E6800251245 /* Release */,
			);
			defaultConfigurationIsVisible = 0;
			defaultConfigurationName = Release;
		};
/* End XCConfigurationList section */
	};
	rootObject = DB579F2C29BC1E6700251245 /* Project object */;
}
